
Microsoft Visual Studio Solution File, Format Version 12.00
# Visual Studio 15
VisualStudioVersion = 15.0.28307.168
MinimumVisualStudioVersion = 10.0.40219.1
Project("{9A19103F-16F7-4668-BE54-9A1E7A4F7556}") = "DemoCoreStudy", "DemoCoreStudy\DemoCoreStudy.csproj", "{DC7755A4-7097-4191-8A13-0DF7166614A2}"
EndProject
Project("{9A19103F-16F7-4668-BE54-9A1E7A4F7556}") = "DemoCoreStudy.Models", "DemoCoreStudy.Models\DemoCoreStudy.Models.csproj", "{F8C7B1F0-CAAB-47B2-A77D-D0AB5B125C11}"
EndProject
Global
	GlobalSection(SolutionConfigurationPlatforms) = preSolution
		Debug|Any CPU = Debug|Any CPU
		Release|Any CPU = Release|Any CPU
	EndGlobalSection
	GlobalSection(ProjectConfigurationPlatforms) = postSolution
		{DC7755A4-7097-4191-8A13-0DF7166614A2}.Debug|Any CPU.ActiveCfg = Debug|Any CPU
		{DC7755A4-7097-4191-8A13-0DF7166614A2}.Debug|Any CPU.Build.0 = Debug|Any CPU
		{DC7755A4-7097-4191-8A13-0DF7166614A2}.Release|Any CPU.ActiveCfg = Release|Any CPU
		{DC7755A4-7097-4191-8A13-0DF7166614A2}.Release|Any CPU.Build.0 = Release|Any CPU
		{F8C7B1F0-CAAB-47B2-A77D-D0AB5B125C11}.Debug|Any CPU.ActiveCfg = Debug|Any CPU
		{F8C7B1F0-CAAB-47B2-A77D-D0AB5B125C11}.Debug|Any CPU.Build.0 = Debug|Any CPU
		{F8C7B1F0-CAAB-47B2-A77D-D0AB5B125C11}.Release|Any CPU.ActiveCfg = Release|Any CPU
		{F8C7B1F0-CAAB-47B2-A77D-D0AB5B125C11}.Release|Any CPU.Build.0 = Release|Any CPU
	EndGlobalSection
	GlobalSection(SolutionProperties) = preSolution
		HideSolutionNode = FALSE
	EndGlobalSection
	GlobalSection(ExtensibilityGlobals) = postSolution
		SolutionGuid = {0C316AD9-8FED-4B7B-8918-1CE01FC64FAC}
	EndGlobalSection
EndGlobal
