{
  "name": "asp.net",
  "version": "1.0.0",
  "lockfileVersion": 1,
  "requires": true,
  "dependencies": {
    "bootstrap": {
      "version": "4.2.1",
      "resolved": "http://registry.npm.taobao.org/bootstrap/download/bootstrap-4.2.1.tgz",
      "integrity": "sha1-j4vcoCTb8OhkTaMukYyKA6kKV1c=",
      "dev": true
    },
    "jquery-slim": {
      "version": "3.0.0",
      "resolved": "http://registry.npm.taobao.org/jquery-slim/download/jquery-slim-3.0.0.tgz",
      "integrity": "sha1-h6svoQUBeY6TEkpLXrlTyFN5cH4=",
      "dev": true
    },
    "popper.js": {
      "version": "1.14.6",
      "resolved": "http://registry.npm.taobao.org/popper.js/download/popper.js-1.14.6.tgz",
      "integrity": "sha1-qyDdTt+SiLiztlMcR8NhEHtgtLA=",
      "dev": true
    }
  }
}
